{
  "name": "circuit-root",
  "version": "unspecified",
  "lockfileVersion": 3,
  "requires": true,
  "packages": {
    "": {
      "name": "circuit-root",
      "version": "unspecified",
      "workspaces": [
        "packages/circuit-backstack",
        "packages/circuit-backstack-test",
        "packages/circuit-codegen-annotations",
        "packages/circuit-codegen-annotations-test",
        "packages/circuit-foundation",
        "packages/circuit-foundation-test",
        "packages/circuit-overlay",
        "packages/circuit-overlay-test",
        "packages/circuit-retained",
        "packages/circuit-retained-test",
        "packages/circuit-runtime",
        "packages/circuit-runtime-test",
        "packages/circuit-runtime-presenter",
        "packages/circuit-runtime-presenter-test",
        "packages/circuit-runtime-screen",
        "packages/circuit-runtime-screen-test",
        "packages/circuit-runtime-ui",
        "packages/circuit-runtime-ui-test",
        "packages/circuit-sharedelements",
        "packages/circuit-sharedelements-test",
        "packages/circuit-test",
        "packages/circuit-test-test",
        "packages/internal-runtime",
        "packages/internal-runtime-test",
        "packages/internal-test-utils",
        "packages/internal-test-utils-test",
        "packages/circuitx-effects",
        "packages/circuitx-effects-test",
        "packages/circuitx-gesture-navigation",
        "packages/circuitx-gesture-navigation-test",
        "packages/circuitx-navigation",
        "packages/circuitx-navigation-test",
        "packages/circuitx-overlays",
        "packages/circuitx-overlays-test",
        "packages/counterbrowser",
        "packages/counterbrowser-test",
        "packages/counterApp",
        "packages/counterApp-test",
        "packages_imported/skiko-wasm-js/0.9.37-3",
        "packages_imported/skiko-js-wasm-runtime/0.9.37-3",
        "packages_imported/Kotlin-DateTime-library-kotlinx-datetime-wasm-js/0.7.1"
      ],
      "devDependencies": {}
    },
    "node_modules/@js-joda/core": {
      "version": "3.2.0",
      "resolved": "https://registry.npmjs.org/@js-joda/core/-/core-3.2.0.tgz",
      "integrity": "sha512-PMqgJ0sw5B7FKb2d5bWYIoxjri+QlW/Pys7+Rw82jSH0QN3rB05jZ/VrrsUdh1w4+i2kw9JOejXGq/KhDOX7Kg=="
    },
    "node_modules/circuit-backstack": {
      "resolved": "packages/circuit-backstack",
      "link": true
    },
    "node_modules/circuit-backstack-test": {
      "resolved": "packages/circuit-backstack-test",
      "link": true
    },
    "node_modules/circuit-codegen-annotations": {
      "resolved": "packages/circuit-codegen-annotations",
      "link": true
    },
    "node_modules/circuit-codegen-annotations-test": {
      "resolved": "packages/circuit-codegen-annotations-test",
      "link": true
    },
    "node_modules/circuit-foundation": {
      "resolved": "packages/circuit-foundation",
      "link": true
    },
    "node_modules/circuit-foundation-test": {
      "resolved": "packages/circuit-foundation-test",
      "link": true
    },
    "node_modules/circuit-overlay": {
      "resolved": "packages/circuit-overlay",
      "link": true
    },
    "node_modules/circuit-overlay-test": {
      "resolved": "packages/circuit-overlay-test",
      "link": true
    },
    "node_modules/circuit-retained": {
      "resolved": "packages/circuit-retained",
      "link": true
    },
    "node_modules/circuit-retained-test": {
      "resolved": "packages/circuit-retained-test",
      "link": true
    },
    "node_modules/circuit-runtime": {
      "resolved": "packages/circuit-runtime",
      "link": true
    },
    "node_modules/circuit-runtime-presenter": {
      "resolved": "packages/circuit-runtime-presenter",
      "link": true
    },
    "node_modules/circuit-runtime-presenter-test": {
      "resolved": "packages/circuit-runtime-presenter-test",
      "link": true
    },
    "node_modules/circuit-runtime-screen": {
      "resolved": "packages/circuit-runtime-screen",
      "link": true
    },
    "node_modules/circuit-runtime-screen-test": {
      "resolved": "packages/circuit-runtime-screen-test",
      "link": true
    },
    "node_modules/circuit-runtime-test": {
      "resolved": "packages/circuit-runtime-test",
      "link": true
    },
    "node_modules/circuit-runtime-ui": {
      "resolved": "packages/circuit-runtime-ui",
      "link": true
    },
    "node_modules/circuit-runtime-ui-test": {
      "resolved": "packages/circuit-runtime-ui-test",
      "link": true
    },
    "node_modules/circuit-sharedelements": {
      "resolved": "packages/circuit-sharedelements",
      "link": true
    },
    "node_modules/circuit-sharedelements-test": {
      "resolved": "packages/circuit-sharedelements-test",
      "link": true
    },
    "node_modules/circuit-test": {
      "resolved": "packages/circuit-test",
      "link": true
    },
    "node_modules/circuit-test-test": {
      "resolved": "packages/circuit-test-test",
      "link": true
    },
    "node_modules/circuitx-effects": {
      "resolved": "packages/circuitx-effects",
      "link": true
    },
    "node_modules/circuitx-effects-test": {
      "resolved": "packages/circuitx-effects-test",
      "link": true
    },
    "node_modules/circuitx-gesture-navigation": {
      "resolved": "packages/circuitx-gesture-navigation",
      "link": true
    },
    "node_modules/circuitx-gesture-navigation-test": {
      "resolved": "packages/circuitx-gesture-navigation-test",
      "link": true
    },
    "node_modules/circuitx-navigation": {
      "resolved": "packages/circuitx-navigation",
      "link": true
    },
    "node_modules/circuitx-navigation-test": {
      "resolved": "packages/circuitx-navigation-test",
      "link": true
    },
    "node_modules/circuitx-overlays": {
      "resolved": "packages/circuitx-overlays",
      "link": true
    },
    "node_modules/circuitx-overlays-test": {
      "resolved": "packages/circuitx-overlays-test",
      "link": true
    },
    "node_modules/counterApp": {
      "resolved": "packages/counterApp",
      "link": true
    },
    "node_modules/counterApp-test": {
      "resolved": "packages/counterApp-test",
      "link": true
    },
    "node_modules/counterbrowser": {
      "resolved": "packages/counterbrowser",
      "link": true
    },
    "node_modules/counterbrowser-test": {
      "resolved": "packages/counterbrowser-test",
      "link": true
    },
    "node_modules/internal-runtime": {
      "resolved": "packages/internal-runtime",
      "link": true
    },
    "node_modules/internal-runtime-test": {
      "resolved": "packages/internal-runtime-test",
      "link": true
    },
    "node_modules/internal-test-utils": {
      "resolved": "packages/internal-test-utils",
      "link": true
    },
    "node_modules/internal-test-utils-test": {
      "resolved": "packages/internal-test-utils-test",
      "link": true
    },
    "node_modules/Kotlin-DateTime-library-kotlinx-datetime-wasm-js": {
      "resolved": "packages_imported/Kotlin-DateTime-library-kotlinx-datetime-wasm-js/0.7.1",
      "link": true
    },
    "node_modules/skiko-js-wasm-runtime": {
      "resolved": "packages_imported/skiko-js-wasm-runtime/0.9.37-3",
      "link": true
    },
    "node_modules/skiko-wasm-js": {
      "resolved": "packages_imported/skiko-wasm-js/0.9.37-3",
      "link": true
    },
    "packages_imported/Kotlin-DateTime-library-kotlinx-datetime-wasm-js/0.6.0": {
      "name": "Kotlin-DateTime-library-kotlinx-datetime-wasm-js",
      "version": "0.6.0",
      "extraneous": true,
      "dependencies": {
        "@js-joda/core": "3.2.0",
        "format-util": "^1.0.5"
      },
      "devDependencies": {}
    },
    "packages_imported/Kotlin-DateTime-library-kotlinx-datetime-wasm-js/0.7.1": {
      "name": "Kotlin-DateTime-library-kotlinx-datetime-wasm-js",
      "version": "0.7.1",
      "dependencies": {
        "@js-joda/core": "3.2.0"
      },
      "devDependencies": {}
    },
    "packages_imported/skiko-js-wasm-runtime/0.9.22": {
      "name": "skiko-js-wasm-runtime",
      "version": "0.9.22",
      "extraneous": true,
      "devDependencies": {}
    },
    "packages_imported/skiko-js-wasm-runtime/0.9.22-2": {
      "name": "skiko-js-wasm-runtime",
      "version": "0.9.22-2",
      "extraneous": true,
      "devDependencies": {}
    },
    "packages_imported/skiko-js-wasm-runtime/0.9.30": {
      "name": "skiko-js-wasm-runtime",
      "version": "0.9.30",
      "extraneous": true,
      "devDependencies": {}
    },
    "packages_imported/skiko-js-wasm-runtime/0.9.37-3": {
      "name": "skiko-js-wasm-runtime",
      "version": "0.9.37-3",
      "devDependencies": {}
    },
    "packages_imported/skiko-js-wasm-runtime/0.9.4-2": {
      "name": "skiko-js-wasm-runtime",
      "version": "0.9.4-2",
      "extraneous": true,
      "devDependencies": {}
    },
    "packages_imported/skiko-wasm-js/0.9.22": {
      "name": "skiko-wasm-js",
      "version": "0.9.22",
      "extraneous": true,
      "devDependencies": {}
    },
    "packages_imported/skiko-wasm-js/0.9.22-2": {
      "name": "skiko-wasm-js",
      "version": "0.9.22-2",
      "extraneous": true,
      "devDependencies": {}
    },
    "packages_imported/skiko-wasm-js/0.9.30": {
      "name": "skiko-wasm-js",
      "version": "0.9.30",
      "extraneous": true,
      "devDependencies": {}
    },
    "packages_imported/skiko-wasm-js/0.9.37-3": {
      "name": "skiko-wasm-js",
      "version": "0.9.37-3",
      "devDependencies": {}
    },
    "packages_imported/skiko-wasm-js/0.9.4-2": {
      "name": "skiko-wasm-js",
      "version": "0.9.4-2",
      "extraneous": true,
      "devDependencies": {}
    },
    "packages/circuit-backstack": {
      "version": "0.0.0-unspecified",
      "devDependencies": {}
    },
    "packages/circuit-backstack-test": {
      "version": "0.0.0-unspecified",
      "devDependencies": {}
    },
    "packages/circuit-codegen-annotations": {
      "version": "0.0.0-unspecified",
      "devDependencies": {}
    },
    "packages/circuit-codegen-annotations-test": {
      "version": "0.0.0-unspecified",
      "devDependencies": {}
    },
    "packages/circuit-foundation": {
      "version": "0.0.0-unspecified",
      "devDependencies": {}
    },
    "packages/circuit-foundation-test": {
      "version": "0.0.0-unspecified",
      "devDependencies": {}
    },
    "packages/circuit-overlay": {
      "version": "0.0.0-unspecified",
      "devDependencies": {}
    },
    "packages/circuit-overlay-test": {
      "version": "0.0.0-unspecified",
      "devDependencies": {}
    },
    "packages/circuit-retained": {
      "version": "0.0.0-unspecified",
      "devDependencies": {}
    },
    "packages/circuit-retained-test": {
      "version": "0.0.0-unspecified",
      "devDependencies": {}
    },
    "packages/circuit-runtime": {
      "version": "0.0.0-unspecified",
      "devDependencies": {}
    },
    "packages/circuit-runtime-presenter": {
      "version": "0.0.0-unspecified",
      "devDependencies": {}
    },
    "packages/circuit-runtime-presenter-test": {
      "version": "0.0.0-unspecified",
      "devDependencies": {}
    },
    "packages/circuit-runtime-screen": {
      "version": "0.0.0-unspecified",
      "devDependencies": {}
    },
    "packages/circuit-runtime-screen-test": {
      "version": "0.0.0-unspecified",
      "devDependencies": {}
    },
    "packages/circuit-runtime-test": {
      "version": "0.0.0-unspecified",
      "devDependencies": {}
    },
    "packages/circuit-runtime-ui": {
      "version": "0.0.0-unspecified",
      "devDependencies": {}
    },
    "packages/circuit-runtime-ui-test": {
      "version": "0.0.0-unspecified",
      "devDependencies": {}
    },
    "packages/circuit-sharedelements": {
      "version": "0.0.0-unspecified",
      "devDependencies": {}
    },
    "packages/circuit-sharedelements-test": {
      "version": "0.0.0-unspecified",
      "devDependencies": {}
    },
    "packages/circuit-test": {
      "version": "0.0.0-unspecified",
      "devDependencies": {}
    },
    "packages/circuit-test-test": {
      "version": "0.0.0-unspecified",
      "devDependencies": {}
    },
    "packages/circuitx-effects": {
      "version": "0.0.0-unspecified",
      "devDependencies": {}
    },
    "packages/circuitx-effects-test": {
      "version": "0.0.0-unspecified",
      "dependencies": {
        "@js-joda/core": "3.2.0"
      },
      "devDependencies": {}
    },
    "packages/circuitx-gesture-navigation": {
      "version": "0.0.0-unspecified",
      "devDependencies": {}
    },
    "packages/circuitx-gesture-navigation-test": {
      "version": "0.0.0-unspecified",
      "devDependencies": {}
    },
    "packages/circuitx-navigation": {
      "version": "0.0.0-unspecified",
      "devDependencies": {}
    },
    "packages/circuitx-navigation-test": {
      "version": "0.0.0-unspecified",
      "devDependencies": {}
    },
    "packages/circuitx-overlays": {
      "version": "0.0.0-unspecified",
      "dependencies": {
        "@js-joda/core": "3.2.0"
      },
      "devDependencies": {}
    },
    "packages/circuitx-overlays-test": {
      "version": "0.0.0-unspecified",
      "dependencies": {
        "@js-joda/core": "3.2.0"
      },
      "devDependencies": {}
    },
    "packages/counterApp": {
      "version": "0.0.0-unspecified",
      "dependencies": {
        "@js-joda/core": "3.2.0"
      },
      "devDependencies": {}
    },
    "packages/counterApp-test": {
      "version": "0.0.0-unspecified",
      "dependencies": {
        "@js-joda/core": "3.2.0"
      },
      "devDependencies": {}
    },
    "packages/counterbrowser": {
      "version": "1.0.0-SNAPSHOT",
      "dependencies": {
        "@js-joda/core": "3.2.0"
      },
      "devDependencies": {}
    },
    "packages/counterbrowser-test": {
      "version": "1.0.0-SNAPSHOT",
      "dependencies": {
        "@js-joda/core": "3.2.0"
      },
      "devDependencies": {}
    },
    "packages/internal-runtime": {
      "version": "0.0.0-unspecified",
      "devDependencies": {}
    },
    "packages/internal-runtime-test": {
      "version": "0.0.0-unspecified",
      "devDependencies": {}
    },
    "packages/internal-test-utils": {
      "version": "0.0.0-unspecified",
      "devDependencies": {}
    },
    "packages/internal-test-utils-test": {
      "version": "0.0.0-unspecified",
      "devDependencies": {}
    }
  }
}
